
Microsoft Visual Studio Solution File, Format Version 12.00
# Visual Studio Version 17
VisualStudioVersion = 17.5.33627.172
MinimumVisualStudioVersion = 10.0.40219.1
Project("{9A19103F-16F7-4668-BE54-9A1E7A4F7556}") = "AspNetIdentityVocationExam.Api", "AspNetIdentityVocationExam.Api\AspNetIdentityVocationExam.Api.csproj", "{78C8BFEE-38EF-496F-ADA8-B746972E9ADD}"
EndProject
Project("{FAE04EC0-301F-11D3-BF4B-00C04F79EFBC}") = "AspNetIdentityVocationExam.Shared", "AspNetIdentityVocationExam.Shared\AspNetIdentityVocationExam.Shared.csproj", "{4774B1E8-E8D4-4936-9316-E3E7D8780521}"
EndProject
Global
	GlobalSection(SolutionConfigurationPlatforms) = preSolution
		Debug|Any CPU = Debug|Any CPU
		Release|Any CPU = Release|Any CPU
	EndGlobalSection
	GlobalSection(ProjectConfigurationPlatforms) = postSolution
		{78C8BFEE-38EF-496F-ADA8-B746972E9ADD}.Debug|Any CPU.ActiveCfg = Debug|Any CPU
		{78C8BFEE-38EF-496F-ADA8-B746972E9ADD}.Debug|Any CPU.Build.0 = Debug|Any CPU
		{78C8BFEE-38EF-496F-ADA8-B746972E9ADD}.Release|Any CPU.ActiveCfg = Release|Any CPU
		{78C8BFEE-38EF-496F-ADA8-B746972E9ADD}.Release|Any CPU.Build.0 = Release|Any CPU
		{4774B1E8-E8D4-4936-9316-E3E7D8780521}.Debug|Any CPU.ActiveCfg = Debug|Any CPU
		{4774B1E8-E8D4-4936-9316-E3E7D8780521}.Debug|Any CPU.Build.0 = Debug|Any CPU
		{4774B1E8-E8D4-4936-9316-E3E7D8780521}.Release|Any CPU.ActiveCfg = Release|Any CPU
		{4774B1E8-E8D4-4936-9316-E3E7D8780521}.Release|Any CPU.Build.0 = Release|Any CPU
	EndGlobalSection
	GlobalSection(SolutionProperties) = preSolution
		HideSolutionNode = FALSE
	EndGlobalSection
	GlobalSection(ExtensibilityGlobals) = postSolution
		SolutionGuid = {35C8BF0F-3B3D-4FFF-A715-E128D3C148CF}
	EndGlobalSection
EndGlobal
